
Microsoft Visual Studio Solution File, Format Version 12.00
# Visual Studio 14
VisualStudioVersion = 14.0.25420.1
MinimumVisualStudioVersion = 10.0.40219.1
Project("{00D1A9C2-B5F0-4AF3-8072-F6C62B433612}") = "Achizitii_Lapte", "Achizitii_Lapte\Achizitii_Lapte.sqlproj", "{A115517B-18A8-4BBB-82E2-35CCAD254896}"
EndProject
Project("{FAE04EC0-301F-11D3-BF4B-00C04F79EFBC}") = "TestProject1", "TestProject1\TestProject1.csproj", "{A2D7615A-CA9E-49D3-84B3-42B63E4ACCCA}"
EndProject
Global
	GlobalSection(SolutionConfigurationPlatforms) = preSolution
		Debug|Any CPU = Debug|Any CPU
		Release|Any CPU = Release|Any CPU
	EndGlobalSection
	GlobalSection(ProjectConfigurationPlatforms) = postSolution
		{A115517B-18A8-4BBB-82E2-35CCAD254896}.Debug|Any CPU.ActiveCfg = Debug|Any CPU
		{A115517B-18A8-4BBB-82E2-35CCAD254896}.Debug|Any CPU.Build.0 = Debug|Any CPU
		{A115517B-18A8-4BBB-82E2-35CCAD254896}.Debug|Any CPU.Deploy.0 = Debug|Any CPU
		{A115517B-18A8-4BBB-82E2-35CCAD254896}.Release|Any CPU.ActiveCfg = Release|Any CPU
		{A115517B-18A8-4BBB-82E2-35CCAD254896}.Release|Any CPU.Build.0 = Release|Any CPU
		{A115517B-18A8-4BBB-82E2-35CCAD254896}.Release|Any CPU.Deploy.0 = Release|Any CPU
		{A2D7615A-CA9E-49D3-84B3-42B63E4ACCCA}.Debug|Any CPU.ActiveCfg = Debug|Any CPU
		{A2D7615A-CA9E-49D3-84B3-42B63E4ACCCA}.Debug|Any CPU.Build.0 = Debug|Any CPU
		{A2D7615A-CA9E-49D3-84B3-42B63E4ACCCA}.Release|Any CPU.ActiveCfg = Release|Any CPU
		{A2D7615A-CA9E-49D3-84B3-42B63E4ACCCA}.Release|Any CPU.Build.0 = Release|Any CPU
	EndGlobalSection
	GlobalSection(SolutionProperties) = preSolution
		HideSolutionNode = FALSE
	EndGlobalSection
EndGlobal
